
Microsoft Visual Studio Solution File, Format Version 12.00
Project("{2150E333-8FDC-42A3-9474-1A3956D46DE8}") = "02_Application", "02_Application", "{3920FFE5-9D7F-4C0B-865E-076477D71D99}"
EndProject
Project("{2150E333-8FDC-42A3-9474-1A3956D46DE8}") = "01_Interfaces", "01_Interfaces", "{006D1F16-0D6D-47C1-90B6-10B934ABB579}"
EndProject
Project("{2150E333-8FDC-42A3-9474-1A3956D46DE8}") = "03_Domain", "03_Domain", "{9DBAC993-2CB8-48C5-9E12-68FF156ACDBF}"
EndProject
Project("{2150E333-8FDC-42A3-9474-1A3956D46DE8}") = "04_Infrastructure", "04_Infrastructure", "{EEEE309A-3C36-48C6-8396-FD7E1F9603F5}"
EndProject
Project("{2150E333-8FDC-42A3-9474-1A3956D46DE8}") = "05_Framework", "05_Framework", "{1684AFF4-C227-4EAD-A272-CE78CFB8AB8A}"
EndProject
Project("{2150E333-8FDC-42A3-9474-1A3956D46DE8}") = "06_Documemt", "06_Documemt", "{DE512203-1552-4F65-80A5-2831B434ED36}"
EndProject
Project("{2150E333-8FDC-42A3-9474-1A3956D46DE8}") = "07_Tools", "07_Tools", "{67C4D8A1-CCAF-4D4E-8413-64064ECEFD4C}"
EndProject
Project("{2150E333-8FDC-42A3-9474-1A3956D46DE8}") = "08_UnitTests", "08_UnitTests", "{4E9B28E3-5C01-4959-BCFA-61EDD52842B6}"
EndProject
Project("{FAE04EC0-301F-11D3-BF4B-00C04F79EFBC}") = "Farseer.Net", "..\Farseer.Net\Framework\Farseer.Net\Farseer.Net.csproj", "{B030C02D-BCAD-4FE8-A396-424CD55DA5DB}"
EndProject
Project("{FAE04EC0-301F-11D3-BF4B-00C04F79EFBC}") = "Farseer.Net.Cache", "..\Farseer.Net\Framework\Farseer.Net.Cache\Farseer.Net.Cache.csproj", "{12D86535-6075-43D0-A37B-E919604BD84D}"
EndProject
Project("{FAE04EC0-301F-11D3-BF4B-00C04F79EFBC}") = "Farseer.Net.Cache.Redis", "..\Farseer.Net\Framework\Farseer.Net.Cache.Redis\Farseer.Net.Cache.Redis.csproj", "{6708A0FE-05D8-404D-8315-69ACCFAB83A1}"
EndProject
Project("{FAE04EC0-301F-11D3-BF4B-00C04F79EFBC}") = "Farseer.Net.Core", "..\Farseer.Net\Framework\Farseer.Net.Core\Farseer.Net.Core.csproj", "{19017871-D951-4BF4-A5B7-5523889194BA}"
EndProject
Project("{FAE04EC0-301F-11D3-BF4B-00C04F79EFBC}") = "Farseer.Net.Data", "..\Farseer.Net\Framework\Farseer.Net.Data\Farseer.Net.Data.csproj", "{1017A286-0289-4904-90B1-A4B13993BBE7}"
EndProject
Project("{FAE04EC0-301F-11D3-BF4B-00C04F79EFBC}") = "Farseer.Net.Grpc", "..\Farseer.Net\Framework\Farseer.Net.Grpc\Farseer.Net.Grpc.csproj", "{D0162383-279C-4B21-9F82-34A1369E1488}"
EndProject
Project("{FAE04EC0-301F-11D3-BF4B-00C04F79EFBC}") = "Farseer.Net.Mapper", "..\Farseer.Net\Framework\Farseer.Net.Mapper\Farseer.Net.Mapper.csproj", "{6D702613-D4E8-4ED7-8C2E-2C12EA834CA1}"
EndProject
Project("{FAE04EC0-301F-11D3-BF4B-00C04F79EFBC}") = "Farseer.Net.Utils", "..\Farseer.Net\Framework\Farseer.Net.Utils\Farseer.Net.Utils.csproj", "{D0140B2B-5879-44DB-BE7F-D73F83AA80DD}"
EndProject
Project("{FAE04EC0-301F-11D3-BF4B-00C04F79EFBC}") = "Farseer.Net.ElasticSearch", "..\Farseer.Net\Framework\Farseer.Net.ElasticSearch\Farseer.Net.ElasticSearch.csproj", "{D0CF1015-A167-4FA9-9FD0-E42D07C24E82}"
EndProject
Project("{FAE04EC0-301F-11D3-BF4B-00C04F79EFBC}") = "Farseer.Net.MQ", "..\Farseer.Net\Framework\Farseer.Net.MQ\Farseer.Net.MQ.csproj", "{FD7D92FA-8802-4DA1-AD2F-C12B32876929}"
EndProject
Project("{FAE04EC0-301F-11D3-BF4B-00C04F79EFBC}") = "Farseer.Net.MQ.RedisStream", "..\Farseer.Net\Framework\Farseer.Net.MQ.RedisStream\Farseer.Net.MQ.RedisStream.csproj", "{8F03AF0E-A50F-4904-BA89-14C5BCF42FA1}"
EndProject
Project("{FAE04EC0-301F-11D3-BF4B-00C04F79EFBC}") = "Farseer.Net.LinkTrack", "..\Farseer.Net\Framework\Farseer.Net.LinkTrack\Farseer.Net.LinkTrack.csproj", "{DDD38E43-90DA-432B-B56E-26D87721A6CF}"
EndProject
Project("{FAE04EC0-301F-11D3-BF4B-00C04F79EFBC}") = "Farseer.Net.AspNetCore", "..\Farseer.Net\Framework\Farseer.Net.AspNetCore\Farseer.Net.AspNetCore.csproj", "{C3E49B05-FB5D-4563-9422-271C0BC7465F}"
EndProject
Project("{FAE04EC0-301F-11D3-BF4B-00C04F79EFBC}") = "Farseer.Net.MQ.Rabbit", "..\Farseer.Net\Framework\Farseer.Net.MQ.Rabbit\Farseer.Net.MQ.Rabbit.csproj", "{4BA41ECF-50B5-4712-8131-4CF2DE14AD29}"
EndProject
Project("{FAE04EC0-301F-11D3-BF4B-00C04F79EFBC}") = "FOPS.Blazor", "01_Interfaces\FOPS.Blazor\FOPS.Blazor.csproj", "{B330D5D4-BD2B-437D-9DDF-6F89E14B00CD}"
EndProject
Project("{FAE04EC0-301F-11D3-BF4B-00C04F79EFBC}") = "FOPS.Application", "02_Application\FOPS.Application\FOPS.Application.csproj", "{51C959CB-4CDD-4349-9DC2-99ADBBFE9909}"
EndProject
Project("{FAE04EC0-301F-11D3-BF4B-00C04F79EFBC}") = "FOPS.Com.FssServer", "03_Domain\FOPS.Com.FssServer\FOPS.Com.FssServer.csproj", "{C7F93860-1C8B-4543-B3C1-C78534CD8CA2}"
EndProject
Project("{FAE04EC0-301F-11D3-BF4B-00C04F79EFBC}") = "FOPS.Infrastructure.Repository", "04_Infrastructure\FOPS.Infrastructure.Repository\FOPS.Infrastructure.Repository.csproj", "{34FB3356-688B-47C1-A7AE-4C380C65C7EC}"
EndProject
Project("{FAE04EC0-301F-11D3-BF4B-00C04F79EFBC}") = "FOPS.Infrastructure.Common", "04_Infrastructure\FOPS.Infrastructure.Common\FOPS.Infrastructure.Common.csproj", "{3D416564-FE09-4F16-9CA3-CBCF15A62C2A}"
EndProject
Project("{FAE04EC0-301F-11D3-BF4B-00C04F79EFBC}") = "FOPS.Abstract", "04_Infrastructure\FOPS.Abstract\FOPS.Abstract.csproj", "{AD911807-042A-41E8-8787-01833C18B190}"
EndProject
Project("{FAE04EC0-301F-11D3-BF4B-00C04F79EFBC}") = "FOPS.Infrastructure", "04_Infrastructure\FOPS.Infrastructure\FOPS.Infrastructure.csproj", "{73EE2ABA-119A-46A2-BCC5-8980E69490CA}"
EndProject
Project("{FAE04EC0-301F-11D3-BF4B-00C04F79EFBC}") = "FOPS.Domain.Build", "03_Domain\FOPS.Domain.Build\FOPS.Domain.Build.csproj", "{4CA4334B-3725-420B-B870-62AD53599012}"
EndProject
Project("{FAE04EC0-301F-11D3-BF4B-00C04F79EFBC}") = "FOPS.Domain.Fss", "03_Domain\FOPS.Domain.Fss\FOPS.Domain.Fss.csproj", "{87161A75-3BE1-4AA4-A3A1-CA6A319A581D}"
EndProject
Project("{FAE04EC0-301F-11D3-BF4B-00C04F79EFBC}") = "FOPS.Domain.AppLog", "03_Domain\FOPS.Domain.AppLog\FOPS.Domain.AppLog.csproj", "{FA897E25-436E-48F3-9567-8CD108927FF9}"
EndProject
Project("{FAE04EC0-301F-11D3-BF4B-00C04F79EFBC}") = "FOPS.Domain.LinkTrack", "03_Domain\FOPS.Domain.LinkTrack\FOPS.Domain.LinkTrack.csproj", "{CCA13D3D-9ECE-45A7-A13B-ACF732DA82D5}"
EndProject
Project("{FAE04EC0-301F-11D3-BF4B-00C04F79EFBC}") = "FOPS.Domain.Sys", "03_Domain\FOPS.Domain.Sys\FOPS.Domain.Sys.csproj", "{8513FAE0-A10E-42FD-BEE4-9B99AF9006D4}"
EndProject
Project("{FAE04EC0-301F-11D3-BF4B-00C04F79EFBC}") = "WebApplication1", "01_Interfaces\WebApplication1\WebApplication1.csproj", "{42DD3B36-F3FC-4060-8C81-CB90D7957C26}"
EndProject
Global
	GlobalSection(SolutionConfigurationPlatforms) = preSolution
		Debug|Any CPU = Debug|Any CPU
		Release|Any CPU = Release|Any CPU
	EndGlobalSection
	GlobalSection(NestedProjects) = preSolution
		{B030C02D-BCAD-4FE8-A396-424CD55DA5DB} = {1684AFF4-C227-4EAD-A272-CE78CFB8AB8A}
		{12D86535-6075-43D0-A37B-E919604BD84D} = {1684AFF4-C227-4EAD-A272-CE78CFB8AB8A}
		{6708A0FE-05D8-404D-8315-69ACCFAB83A1} = {1684AFF4-C227-4EAD-A272-CE78CFB8AB8A}
		{19017871-D951-4BF4-A5B7-5523889194BA} = {1684AFF4-C227-4EAD-A272-CE78CFB8AB8A}
		{1017A286-0289-4904-90B1-A4B13993BBE7} = {1684AFF4-C227-4EAD-A272-CE78CFB8AB8A}
		{D0162383-279C-4B21-9F82-34A1369E1488} = {1684AFF4-C227-4EAD-A272-CE78CFB8AB8A}
		{6D702613-D4E8-4ED7-8C2E-2C12EA834CA1} = {1684AFF4-C227-4EAD-A272-CE78CFB8AB8A}
		{D0140B2B-5879-44DB-BE7F-D73F83AA80DD} = {1684AFF4-C227-4EAD-A272-CE78CFB8AB8A}
		{D0CF1015-A167-4FA9-9FD0-E42D07C24E82} = {1684AFF4-C227-4EAD-A272-CE78CFB8AB8A}
		{FD7D92FA-8802-4DA1-AD2F-C12B32876929} = {1684AFF4-C227-4EAD-A272-CE78CFB8AB8A}
		{8F03AF0E-A50F-4904-BA89-14C5BCF42FA1} = {1684AFF4-C227-4EAD-A272-CE78CFB8AB8A}
		{DDD38E43-90DA-432B-B56E-26D87721A6CF} = {1684AFF4-C227-4EAD-A272-CE78CFB8AB8A}
		{C3E49B05-FB5D-4563-9422-271C0BC7465F} = {1684AFF4-C227-4EAD-A272-CE78CFB8AB8A}
		{4BA41ECF-50B5-4712-8131-4CF2DE14AD29} = {1684AFF4-C227-4EAD-A272-CE78CFB8AB8A}
		{B330D5D4-BD2B-437D-9DDF-6F89E14B00CD} = {006D1F16-0D6D-47C1-90B6-10B934ABB579}
		{51C959CB-4CDD-4349-9DC2-99ADBBFE9909} = {3920FFE5-9D7F-4C0B-865E-076477D71D99}
		{C7F93860-1C8B-4543-B3C1-C78534CD8CA2} = {9DBAC993-2CB8-48C5-9E12-68FF156ACDBF}
		{34FB3356-688B-47C1-A7AE-4C380C65C7EC} = {EEEE309A-3C36-48C6-8396-FD7E1F9603F5}
		{3D416564-FE09-4F16-9CA3-CBCF15A62C2A} = {EEEE309A-3C36-48C6-8396-FD7E1F9603F5}
		{AD911807-042A-41E8-8787-01833C18B190} = {EEEE309A-3C36-48C6-8396-FD7E1F9603F5}
		{73EE2ABA-119A-46A2-BCC5-8980E69490CA} = {EEEE309A-3C36-48C6-8396-FD7E1F9603F5}
		{4CA4334B-3725-420B-B870-62AD53599012} = {9DBAC993-2CB8-48C5-9E12-68FF156ACDBF}
		{87161A75-3BE1-4AA4-A3A1-CA6A319A581D} = {9DBAC993-2CB8-48C5-9E12-68FF156ACDBF}
		{FA897E25-436E-48F3-9567-8CD108927FF9} = {9DBAC993-2CB8-48C5-9E12-68FF156ACDBF}
		{CCA13D3D-9ECE-45A7-A13B-ACF732DA82D5} = {9DBAC993-2CB8-48C5-9E12-68FF156ACDBF}
		{8513FAE0-A10E-42FD-BEE4-9B99AF9006D4} = {9DBAC993-2CB8-48C5-9E12-68FF156ACDBF}
		{42DD3B36-F3FC-4060-8C81-CB90D7957C26} = {006D1F16-0D6D-47C1-90B6-10B934ABB579}
	EndGlobalSection
	GlobalSection(ProjectConfigurationPlatforms) = postSolution
		{B030C02D-BCAD-4FE8-A396-424CD55DA5DB}.Debug|Any CPU.ActiveCfg = Debug|Any CPU
		{B030C02D-BCAD-4FE8-A396-424CD55DA5DB}.Debug|Any CPU.Build.0 = Debug|Any CPU
		{B030C02D-BCAD-4FE8-A396-424CD55DA5DB}.Release|Any CPU.ActiveCfg = Release|Any CPU
		{B030C02D-BCAD-4FE8-A396-424CD55DA5DB}.Release|Any CPU.Build.0 = Release|Any CPU
		{12D86535-6075-43D0-A37B-E919604BD84D}.Debug|Any CPU.ActiveCfg = Debug|Any CPU
		{12D86535-6075-43D0-A37B-E919604BD84D}.Debug|Any CPU.Build.0 = Debug|Any CPU
		{12D86535-6075-43D0-A37B-E919604BD84D}.Release|Any CPU.ActiveCfg = Release|Any CPU
		{12D86535-6075-43D0-A37B-E919604BD84D}.Release|Any CPU.Build.0 = Release|Any CPU
		{6708A0FE-05D8-404D-8315-69ACCFAB83A1}.Debug|Any CPU.ActiveCfg = Debug|Any CPU
		{6708A0FE-05D8-404D-8315-69ACCFAB83A1}.Debug|Any CPU.Build.0 = Debug|Any CPU
		{6708A0FE-05D8-404D-8315-69ACCFAB83A1}.Release|Any CPU.ActiveCfg = Release|Any CPU
		{6708A0FE-05D8-404D-8315-69ACCFAB83A1}.Release|Any CPU.Build.0 = Release|Any CPU
		{19017871-D951-4BF4-A5B7-5523889194BA}.Debug|Any CPU.ActiveCfg = Debug|Any CPU
		{19017871-D951-4BF4-A5B7-5523889194BA}.Debug|Any CPU.Build.0 = Debug|Any CPU
		{19017871-D951-4BF4-A5B7-5523889194BA}.Release|Any CPU.ActiveCfg = Release|Any CPU
		{19017871-D951-4BF4-A5B7-5523889194BA}.Release|Any CPU.Build.0 = Release|Any CPU
		{1017A286-0289-4904-90B1-A4B13993BBE7}.Debug|Any CPU.ActiveCfg = Debug|Any CPU
		{1017A286-0289-4904-90B1-A4B13993BBE7}.Debug|Any CPU.Build.0 = Debug|Any CPU
		{1017A286-0289-4904-90B1-A4B13993BBE7}.Release|Any CPU.ActiveCfg = Release|Any CPU
		{1017A286-0289-4904-90B1-A4B13993BBE7}.Release|Any CPU.Build.0 = Release|Any CPU
		{D0162383-279C-4B21-9F82-34A1369E1488}.Debug|Any CPU.ActiveCfg = Debug|Any CPU
		{D0162383-279C-4B21-9F82-34A1369E1488}.Debug|Any CPU.Build.0 = Debug|Any CPU
		{D0162383-279C-4B21-9F82-34A1369E1488}.Release|Any CPU.ActiveCfg = Release|Any CPU
		{D0162383-279C-4B21-9F82-34A1369E1488}.Release|Any CPU.Build.0 = Release|Any CPU
		{6D702613-D4E8-4ED7-8C2E-2C12EA834CA1}.Debug|Any CPU.ActiveCfg = Debug|Any CPU
		{6D702613-D4E8-4ED7-8C2E-2C12EA834CA1}.Debug|Any CPU.Build.0 = Debug|Any CPU
		{6D702613-D4E8-4ED7-8C2E-2C12EA834CA1}.Release|Any CPU.ActiveCfg = Release|Any CPU
		{6D702613-D4E8-4ED7-8C2E-2C12EA834CA1}.Release|Any CPU.Build.0 = Release|Any CPU
		{D0140B2B-5879-44DB-BE7F-D73F83AA80DD}.Debug|Any CPU.ActiveCfg = Debug|Any CPU
		{D0140B2B-5879-44DB-BE7F-D73F83AA80DD}.Debug|Any CPU.Build.0 = Debug|Any CPU
		{D0140B2B-5879-44DB-BE7F-D73F83AA80DD}.Release|Any CPU.ActiveCfg = Release|Any CPU
		{D0140B2B-5879-44DB-BE7F-D73F83AA80DD}.Release|Any CPU.Build.0 = Release|Any CPU
		{D0CF1015-A167-4FA9-9FD0-E42D07C24E82}.Debug|Any CPU.ActiveCfg = Debug|Any CPU
		{D0CF1015-A167-4FA9-9FD0-E42D07C24E82}.Debug|Any CPU.Build.0 = Debug|Any CPU
		{D0CF1015-A167-4FA9-9FD0-E42D07C24E82}.Release|Any CPU.ActiveCfg = Release|Any CPU
		{D0CF1015-A167-4FA9-9FD0-E42D07C24E82}.Release|Any CPU.Build.0 = Release|Any CPU
		{FD7D92FA-8802-4DA1-AD2F-C12B32876929}.Debug|Any CPU.ActiveCfg = Debug|Any CPU
		{FD7D92FA-8802-4DA1-AD2F-C12B32876929}.Debug|Any CPU.Build.0 = Debug|Any CPU
		{FD7D92FA-8802-4DA1-AD2F-C12B32876929}.Release|Any CPU.ActiveCfg = Release|Any CPU
		{FD7D92FA-8802-4DA1-AD2F-C12B32876929}.Release|Any CPU.Build.0 = Release|Any CPU
		{8F03AF0E-A50F-4904-BA89-14C5BCF42FA1}.Debug|Any CPU.ActiveCfg = Debug|Any CPU
		{8F03AF0E-A50F-4904-BA89-14C5BCF42FA1}.Debug|Any CPU.Build.0 = Debug|Any CPU
		{8F03AF0E-A50F-4904-BA89-14C5BCF42FA1}.Release|Any CPU.ActiveCfg = Release|Any CPU
		{8F03AF0E-A50F-4904-BA89-14C5BCF42FA1}.Release|Any CPU.Build.0 = Release|Any CPU
		{DDD38E43-90DA-432B-B56E-26D87721A6CF}.Debug|Any CPU.ActiveCfg = Debug|Any CPU
		{DDD38E43-90DA-432B-B56E-26D87721A6CF}.Debug|Any CPU.Build.0 = Debug|Any CPU
		{DDD38E43-90DA-432B-B56E-26D87721A6CF}.Release|Any CPU.ActiveCfg = Release|Any CPU
		{DDD38E43-90DA-432B-B56E-26D87721A6CF}.Release|Any CPU.Build.0 = Release|Any CPU
		{C3E49B05-FB5D-4563-9422-271C0BC7465F}.Debug|Any CPU.ActiveCfg = Debug|Any CPU
		{C3E49B05-FB5D-4563-9422-271C0BC7465F}.Debug|Any CPU.Build.0 = Debug|Any CPU
		{C3E49B05-FB5D-4563-9422-271C0BC7465F}.Release|Any CPU.ActiveCfg = Release|Any CPU
		{C3E49B05-FB5D-4563-9422-271C0BC7465F}.Release|Any CPU.Build.0 = Release|Any CPU
		{4BA41ECF-50B5-4712-8131-4CF2DE14AD29}.Debug|Any CPU.ActiveCfg = Debug|Any CPU
		{4BA41ECF-50B5-4712-8131-4CF2DE14AD29}.Debug|Any CPU.Build.0 = Debug|Any CPU
		{4BA41ECF-50B5-4712-8131-4CF2DE14AD29}.Release|Any CPU.ActiveCfg = Release|Any CPU
		{4BA41ECF-50B5-4712-8131-4CF2DE14AD29}.Release|Any CPU.Build.0 = Release|Any CPU
		{B330D5D4-BD2B-437D-9DDF-6F89E14B00CD}.Debug|Any CPU.ActiveCfg = Debug|Any CPU
		{B330D5D4-BD2B-437D-9DDF-6F89E14B00CD}.Debug|Any CPU.Build.0 = Debug|Any CPU
		{B330D5D4-BD2B-437D-9DDF-6F89E14B00CD}.Release|Any CPU.ActiveCfg = Release|Any CPU
		{B330D5D4-BD2B-437D-9DDF-6F89E14B00CD}.Release|Any CPU.Build.0 = Release|Any CPU
		{51C959CB-4CDD-4349-9DC2-99ADBBFE9909}.Debug|Any CPU.ActiveCfg = Debug|Any CPU
		{51C959CB-4CDD-4349-9DC2-99ADBBFE9909}.Debug|Any CPU.Build.0 = Debug|Any CPU
		{51C959CB-4CDD-4349-9DC2-99ADBBFE9909}.Release|Any CPU.ActiveCfg = Release|Any CPU
		{51C959CB-4CDD-4349-9DC2-99ADBBFE9909}.Release|Any CPU.Build.0 = Release|Any CPU
		{C7F93860-1C8B-4543-B3C1-C78534CD8CA2}.Debug|Any CPU.ActiveCfg = Debug|Any CPU
		{C7F93860-1C8B-4543-B3C1-C78534CD8CA2}.Debug|Any CPU.Build.0 = Debug|Any CPU
		{C7F93860-1C8B-4543-B3C1-C78534CD8CA2}.Release|Any CPU.ActiveCfg = Release|Any CPU
		{C7F93860-1C8B-4543-B3C1-C78534CD8CA2}.Release|Any CPU.Build.0 = Release|Any CPU
		{34FB3356-688B-47C1-A7AE-4C380C65C7EC}.Debug|Any CPU.ActiveCfg = Debug|Any CPU
		{34FB3356-688B-47C1-A7AE-4C380C65C7EC}.Debug|Any CPU.Build.0 = Debug|Any CPU
		{34FB3356-688B-47C1-A7AE-4C380C65C7EC}.Release|Any CPU.ActiveCfg = Release|Any CPU
		{34FB3356-688B-47C1-A7AE-4C380C65C7EC}.Release|Any CPU.Build.0 = Release|Any CPU
		{3D416564-FE09-4F16-9CA3-CBCF15A62C2A}.Debug|Any CPU.ActiveCfg = Debug|Any CPU
		{3D416564-FE09-4F16-9CA3-CBCF15A62C2A}.Debug|Any CPU.Build.0 = Debug|Any CPU
		{3D416564-FE09-4F16-9CA3-CBCF15A62C2A}.Release|Any CPU.ActiveCfg = Release|Any CPU
		{3D416564-FE09-4F16-9CA3-CBCF15A62C2A}.Release|Any CPU.Build.0 = Release|Any CPU
		{AD911807-042A-41E8-8787-01833C18B190}.Debug|Any CPU.ActiveCfg = Debug|Any CPU
		{AD911807-042A-41E8-8787-01833C18B190}.Debug|Any CPU.Build.0 = Debug|Any CPU
		{AD911807-042A-41E8-8787-01833C18B190}.Release|Any CPU.ActiveCfg = Release|Any CPU
		{AD911807-042A-41E8-8787-01833C18B190}.Release|Any CPU.Build.0 = Release|Any CPU
		{73EE2ABA-119A-46A2-BCC5-8980E69490CA}.Debug|Any CPU.ActiveCfg = Debug|Any CPU
		{73EE2ABA-119A-46A2-BCC5-8980E69490CA}.Debug|Any CPU.Build.0 = Debug|Any CPU
		{73EE2ABA-119A-46A2-BCC5-8980E69490CA}.Release|Any CPU.ActiveCfg = Release|Any CPU
		{73EE2ABA-119A-46A2-BCC5-8980E69490CA}.Release|Any CPU.Build.0 = Release|Any CPU
		{4CA4334B-3725-420B-B870-62AD53599012}.Debug|Any CPU.ActiveCfg = Debug|Any CPU
		{4CA4334B-3725-420B-B870-62AD53599012}.Debug|Any CPU.Build.0 = Debug|Any CPU
		{4CA4334B-3725-420B-B870-62AD53599012}.Release|Any CPU.ActiveCfg = Release|Any CPU
		{4CA4334B-3725-420B-B870-62AD53599012}.Release|Any CPU.Build.0 = Release|Any CPU
		{87161A75-3BE1-4AA4-A3A1-CA6A319A581D}.Debug|Any CPU.ActiveCfg = Debug|Any CPU
		{87161A75-3BE1-4AA4-A3A1-CA6A319A581D}.Debug|Any CPU.Build.0 = Debug|Any CPU
		{87161A75-3BE1-4AA4-A3A1-CA6A319A581D}.Release|Any CPU.ActiveCfg = Release|Any CPU
		{87161A75-3BE1-4AA4-A3A1-CA6A319A581D}.Release|Any CPU.Build.0 = Release|Any CPU
		{FA897E25-436E-48F3-9567-8CD108927FF9}.Debug|Any CPU.ActiveCfg = Debug|Any CPU
		{FA897E25-436E-48F3-9567-8CD108927FF9}.Debug|Any CPU.Build.0 = Debug|Any CPU
		{FA897E25-436E-48F3-9567-8CD108927FF9}.Release|Any CPU.ActiveCfg = Release|Any CPU
		{FA897E25-436E-48F3-9567-8CD108927FF9}.Release|Any CPU.Build.0 = Release|Any CPU
		{CCA13D3D-9ECE-45A7-A13B-ACF732DA82D5}.Debug|Any CPU.ActiveCfg = Debug|Any CPU
		{CCA13D3D-9ECE-45A7-A13B-ACF732DA82D5}.Debug|Any CPU.Build.0 = Debug|Any CPU
		{CCA13D3D-9ECE-45A7-A13B-ACF732DA82D5}.Release|Any CPU.ActiveCfg = Release|Any CPU
		{CCA13D3D-9ECE-45A7-A13B-ACF732DA82D5}.Release|Any CPU.Build.0 = Release|Any CPU
		{8513FAE0-A10E-42FD-BEE4-9B99AF9006D4}.Debug|Any CPU.ActiveCfg = Debug|Any CPU
		{8513FAE0-A10E-42FD-BEE4-9B99AF9006D4}.Debug|Any CPU.Build.0 = Debug|Any CPU
		{8513FAE0-A10E-42FD-BEE4-9B99AF9006D4}.Release|Any CPU.ActiveCfg = Release|Any CPU
		{8513FAE0-A10E-42FD-BEE4-9B99AF9006D4}.Release|Any CPU.Build.0 = Release|Any CPU
		{42DD3B36-F3FC-4060-8C81-CB90D7957C26}.Debug|Any CPU.ActiveCfg = Debug|Any CPU
		{42DD3B36-F3FC-4060-8C81-CB90D7957C26}.Debug|Any CPU.Build.0 = Debug|Any CPU
		{42DD3B36-F3FC-4060-8C81-CB90D7957C26}.Release|Any CPU.ActiveCfg = Release|Any CPU
		{42DD3B36-F3FC-4060-8C81-CB90D7957C26}.Release|Any CPU.Build.0 = Release|Any CPU
	EndGlobalSection
EndGlobal
